
Microsoft Visual Studio Solution File, Format Version 12.00
# Visual Studio Version 16
VisualStudioVersion = 16.0.30611.23
MinimumVisualStudioVersion = 10.0.40219.1
Project("{FAE04EC0-301F-11D3-BF4B-00C04F79EFBC}") = "PP_Lab4Exercise1", "PP_Lab4Exercise1.csproj", "{8C00F6EA-2942-4B61-951B-6A7DC0BC134F}"
EndProject
Global
	GlobalSection(SolutionConfigurationPlatforms) = preSolution
		Debug|Any CPU = Debug|Any CPU
		Release|Any CPU = Release|Any CPU
	EndGlobalSection
	GlobalSection(ProjectConfigurationPlatforms) = postSolution
		{8C00F6EA-2942-4B61-951B-6A7DC0BC134F}.Debug|Any CPU.ActiveCfg = Debug|Any CPU
		{8C00F6EA-2942-4B61-951B-6A7DC0BC134F}.Debug|Any CPU.Build.0 = Debug|Any CPU
		{8C00F6EA-2942-4B61-951B-6A7DC0BC134F}.Release|Any CPU.ActiveCfg = Release|Any CPU
		{8C00F6EA-2942-4B61-951B-6A7DC0BC134F}.Release|Any CPU.Build.0 = Release|Any CPU
	EndGlobalSection
	GlobalSection(SolutionProperties) = preSolution
		HideSolutionNode = FALSE
	EndGlobalSection
	GlobalSection(ExtensibilityGlobals) = postSolution
		SolutionGuid = {11DA925B-63D3-468E-B206-281996EE8810}
	EndGlobalSection
EndGlobal
