
Microsoft Visual Studio Solution File, Format Version 12.00
# Visual Studio Version 16
VisualStudioVersion = 16.0.30611.23
MinimumVisualStudioVersion = 10.0.40219.1
Project("{FAE04EC0-301F-11D3-BF4B-00C04F79EFBC}") = "PP_Lab3Exercise8", "PP_Lab3Exercise8.csproj", "{1BAE6E5C-C469-4694-A2A3-74A55E8FEDB5}"
EndProject
Global
	GlobalSection(SolutionConfigurationPlatforms) = preSolution
		Debug|Any CPU = Debug|Any CPU
		Release|Any CPU = Release|Any CPU
	EndGlobalSection
	GlobalSection(ProjectConfigurationPlatforms) = postSolution
		{1BAE6E5C-C469-4694-A2A3-74A55E8FEDB5}.Debug|Any CPU.ActiveCfg = Debug|Any CPU
		{1BAE6E5C-C469-4694-A2A3-74A55E8FEDB5}.Debug|Any CPU.Build.0 = Debug|Any CPU
		{1BAE6E5C-C469-4694-A2A3-74A55E8FEDB5}.Release|Any CPU.ActiveCfg = Release|Any CPU
		{1BAE6E5C-C469-4694-A2A3-74A55E8FEDB5}.Release|Any CPU.Build.0 = Release|Any CPU
	EndGlobalSection
	GlobalSection(SolutionProperties) = preSolution
		HideSolutionNode = FALSE
	EndGlobalSection
	GlobalSection(ExtensibilityGlobals) = postSolution
		SolutionGuid = {A1E48D69-AEB9-4B57-A0F7-5034150DFB5F}
	EndGlobalSection
EndGlobal
