
Microsoft Visual Studio Solution File, Format Version 12.00
# Visual Studio Version 16
VisualStudioVersion = 16.0.30611.23
MinimumVisualStudioVersion = 10.0.40219.1
Project("{FAE04EC0-301F-11D3-BF4B-00C04F79EFBC}") = "PP_Lab4Exercise4", "PP_Lab4Exercise4.csproj", "{D130E945-1E12-40CB-BB9E-E95D1B8C8111}"
EndProject
Global
	GlobalSection(SolutionConfigurationPlatforms) = preSolution
		Debug|Any CPU = Debug|Any CPU
		Release|Any CPU = Release|Any CPU
	EndGlobalSection
	GlobalSection(ProjectConfigurationPlatforms) = postSolution
		{D130E945-1E12-40CB-BB9E-E95D1B8C8111}.Debug|Any CPU.ActiveCfg = Debug|Any CPU
		{D130E945-1E12-40CB-BB9E-E95D1B8C8111}.Debug|Any CPU.Build.0 = Debug|Any CPU
		{D130E945-1E12-40CB-BB9E-E95D1B8C8111}.Release|Any CPU.ActiveCfg = Release|Any CPU
		{D130E945-1E12-40CB-BB9E-E95D1B8C8111}.Release|Any CPU.Build.0 = Release|Any CPU
	EndGlobalSection
	GlobalSection(SolutionProperties) = preSolution
		HideSolutionNode = FALSE
	EndGlobalSection
	GlobalSection(ExtensibilityGlobals) = postSolution
		SolutionGuid = {ADEE9265-F67D-41F6-B89F-CDB6D5AECC79}
	EndGlobalSection
EndGlobal
