
Microsoft Visual Studio Solution File, Format Version 12.00
# Visual Studio Version 16
VisualStudioVersion = 16.0.30611.23
MinimumVisualStudioVersion = 10.0.40219.1
Project("{FAE04EC0-301F-11D3-BF4B-00C04F79EFBC}") = "PP_Lab3Exercise3", "PP_Lab3Exercise3.csproj", "{4141AA04-9659-4D30-8A95-160AE9C2ED61}"
EndProject
Global
	GlobalSection(SolutionConfigurationPlatforms) = preSolution
		Debug|Any CPU = Debug|Any CPU
		Release|Any CPU = Release|Any CPU
	EndGlobalSection
	GlobalSection(ProjectConfigurationPlatforms) = postSolution
		{4141AA04-9659-4D30-8A95-160AE9C2ED61}.Debug|Any CPU.ActiveCfg = Debug|Any CPU
		{4141AA04-9659-4D30-8A95-160AE9C2ED61}.Debug|Any CPU.Build.0 = Debug|Any CPU
		{4141AA04-9659-4D30-8A95-160AE9C2ED61}.Release|Any CPU.ActiveCfg = Release|Any CPU
		{4141AA04-9659-4D30-8A95-160AE9C2ED61}.Release|Any CPU.Build.0 = Release|Any CPU
	EndGlobalSection
	GlobalSection(SolutionProperties) = preSolution
		HideSolutionNode = FALSE
	EndGlobalSection
	GlobalSection(ExtensibilityGlobals) = postSolution
		SolutionGuid = {5A7D4DB7-C474-412D-9AC8-FD69BD3F380D}
	EndGlobalSection
EndGlobal
