
Microsoft Visual Studio Solution File, Format Version 12.00
# Visual Studio Version 16
VisualStudioVersion = 16.0.30611.23
MinimumVisualStudioVersion = 10.0.40219.1
Project("{FAE04EC0-301F-11D3-BF4B-00C04F79EFBC}") = "PP_Lab2Exercise3", "PP_Lab2Exercise3.csproj", "{4D8F473F-E0D6-4B8B-A604-81BDD0282B0B}"
EndProject
Global
	GlobalSection(SolutionConfigurationPlatforms) = preSolution
		Debug|Any CPU = Debug|Any CPU
		Release|Any CPU = Release|Any CPU
	EndGlobalSection
	GlobalSection(ProjectConfigurationPlatforms) = postSolution
		{4D8F473F-E0D6-4B8B-A604-81BDD0282B0B}.Debug|Any CPU.ActiveCfg = Debug|Any CPU
		{4D8F473F-E0D6-4B8B-A604-81BDD0282B0B}.Debug|Any CPU.Build.0 = Debug|Any CPU
		{4D8F473F-E0D6-4B8B-A604-81BDD0282B0B}.Release|Any CPU.ActiveCfg = Release|Any CPU
		{4D8F473F-E0D6-4B8B-A604-81BDD0282B0B}.Release|Any CPU.Build.0 = Release|Any CPU
	EndGlobalSection
	GlobalSection(SolutionProperties) = preSolution
		HideSolutionNode = FALSE
	EndGlobalSection
	GlobalSection(ExtensibilityGlobals) = postSolution
		SolutionGuid = {552A13EE-0332-4449-A472-D86827D95B3D}
	EndGlobalSection
EndGlobal
