
Microsoft Visual Studio Solution File, Format Version 12.00
# Visual Studio Version 16
VisualStudioVersion = 16.0.30611.23
MinimumVisualStudioVersion = 10.0.40219.1
Project("{FAE04EC0-301F-11D3-BF4B-00C04F79EFBC}") = "PP_Lab1Exercise1", "PP_Lab1Exercise1.csproj", "{3A1CE2EA-A752-45CC-8713-CF3EF2B2DB31}"
EndProject
Global
	GlobalSection(SolutionConfigurationPlatforms) = preSolution
		Debug|Any CPU = Debug|Any CPU
		Release|Any CPU = Release|Any CPU
	EndGlobalSection
	GlobalSection(ProjectConfigurationPlatforms) = postSolution
		{3A1CE2EA-A752-45CC-8713-CF3EF2B2DB31}.Debug|Any CPU.ActiveCfg = Debug|Any CPU
		{3A1CE2EA-A752-45CC-8713-CF3EF2B2DB31}.Debug|Any CPU.Build.0 = Debug|Any CPU
		{3A1CE2EA-A752-45CC-8713-CF3EF2B2DB31}.Release|Any CPU.ActiveCfg = Release|Any CPU
		{3A1CE2EA-A752-45CC-8713-CF3EF2B2DB31}.Release|Any CPU.Build.0 = Release|Any CPU
	EndGlobalSection
	GlobalSection(SolutionProperties) = preSolution
		HideSolutionNode = FALSE
	EndGlobalSection
	GlobalSection(ExtensibilityGlobals) = postSolution
		SolutionGuid = {F7255C4D-80DA-4A67-9BAD-8DC9CB5DB6EB}
	EndGlobalSection
EndGlobal
