
Microsoft Visual Studio Solution File, Format Version 12.00
# Visual Studio Version 16
VisualStudioVersion = 16.0.30611.23
MinimumVisualStudioVersion = 10.0.40219.1
Project("{FAE04EC0-301F-11D3-BF4B-00C04F79EFBC}") = "PP_Lab2Exercise7", "PP_Lab2Exercise7.csproj", "{4A435265-8798-46AB-998F-CB73AEEB7FEF}"
EndProject
Global
	GlobalSection(SolutionConfigurationPlatforms) = preSolution
		Debug|Any CPU = Debug|Any CPU
		Release|Any CPU = Release|Any CPU
	EndGlobalSection
	GlobalSection(ProjectConfigurationPlatforms) = postSolution
		{4A435265-8798-46AB-998F-CB73AEEB7FEF}.Debug|Any CPU.ActiveCfg = Debug|Any CPU
		{4A435265-8798-46AB-998F-CB73AEEB7FEF}.Debug|Any CPU.Build.0 = Debug|Any CPU
		{4A435265-8798-46AB-998F-CB73AEEB7FEF}.Release|Any CPU.ActiveCfg = Release|Any CPU
		{4A435265-8798-46AB-998F-CB73AEEB7FEF}.Release|Any CPU.Build.0 = Release|Any CPU
	EndGlobalSection
	GlobalSection(SolutionProperties) = preSolution
		HideSolutionNode = FALSE
	EndGlobalSection
	GlobalSection(ExtensibilityGlobals) = postSolution
		SolutionGuid = {BAABC48E-77FC-4CC9-B033-78227465DC44}
	EndGlobalSection
EndGlobal
