
Microsoft Visual Studio Solution File, Format Version 12.00
# Visual Studio Version 16
VisualStudioVersion = 16.0.30611.23
MinimumVisualStudioVersion = 10.0.40219.1
Project("{FAE04EC0-301F-11D3-BF4B-00C04F79EFBC}") = "PP_Lab3Exercise4", "PP_Lab3Exercise4.csproj", "{DB0ECE07-B6A9-417F-BCE0-2B38621FB275}"
EndProject
Global
	GlobalSection(SolutionConfigurationPlatforms) = preSolution
		Debug|Any CPU = Debug|Any CPU
		Release|Any CPU = Release|Any CPU
	EndGlobalSection
	GlobalSection(ProjectConfigurationPlatforms) = postSolution
		{DB0ECE07-B6A9-417F-BCE0-2B38621FB275}.Debug|Any CPU.ActiveCfg = Debug|Any CPU
		{DB0ECE07-B6A9-417F-BCE0-2B38621FB275}.Debug|Any CPU.Build.0 = Debug|Any CPU
		{DB0ECE07-B6A9-417F-BCE0-2B38621FB275}.Release|Any CPU.ActiveCfg = Release|Any CPU
		{DB0ECE07-B6A9-417F-BCE0-2B38621FB275}.Release|Any CPU.Build.0 = Release|Any CPU
	EndGlobalSection
	GlobalSection(SolutionProperties) = preSolution
		HideSolutionNode = FALSE
	EndGlobalSection
	GlobalSection(ExtensibilityGlobals) = postSolution
		SolutionGuid = {0EAE0E29-4BBC-405D-BDF2-C46E6FE0AF0B}
	EndGlobalSection
EndGlobal
