
Microsoft Visual Studio Solution File, Format Version 12.00
# Visual Studio Version 16
VisualStudioVersion = 16.0.30611.23
MinimumVisualStudioVersion = 10.0.40219.1
Project("{FAE04EC0-301F-11D3-BF4B-00C04F79EFBC}") = "PP_Lab5Exercise1", "PP_Lab5Exercise1.csproj", "{38DE912B-93D5-4681-9F47-07251F0DB2D3}"
EndProject
Global
	GlobalSection(SolutionConfigurationPlatforms) = preSolution
		Debug|Any CPU = Debug|Any CPU
		Release|Any CPU = Release|Any CPU
	EndGlobalSection
	GlobalSection(ProjectConfigurationPlatforms) = postSolution
		{38DE912B-93D5-4681-9F47-07251F0DB2D3}.Debug|Any CPU.ActiveCfg = Debug|Any CPU
		{38DE912B-93D5-4681-9F47-07251F0DB2D3}.Debug|Any CPU.Build.0 = Debug|Any CPU
		{38DE912B-93D5-4681-9F47-07251F0DB2D3}.Release|Any CPU.ActiveCfg = Release|Any CPU
		{38DE912B-93D5-4681-9F47-07251F0DB2D3}.Release|Any CPU.Build.0 = Release|Any CPU
	EndGlobalSection
	GlobalSection(SolutionProperties) = preSolution
		HideSolutionNode = FALSE
	EndGlobalSection
	GlobalSection(ExtensibilityGlobals) = postSolution
		SolutionGuid = {F8CE9C73-A742-44F6-8D94-C72FFE016D3A}
	EndGlobalSection
EndGlobal
